// !$*UTF8*$!
{
	archiveVersion = 1;
	classes = {
	};
	objectVersion = 50;
	objects = {

/* Begin PBXBuildFile section */
		26DD172F246599A500430358 /* Verification.swift in Sources */ = {isa = PBXBuildFile; fileRef = 26DD172E246599A500430358 /* Verification.swift */; };
		4D1B37E62455E2A6007E4DB6 /* ServiceRequest.swift in Sources */ = {isa = PBXBuildFile; fileRef = 4D1B37E52455E2A6007E4DB6 /* ServiceRequest.swift */; };
		4D4DED4024664858008AD13C /* ChangePassword.swift in Sources */ = {isa = PBXBuildFile; fileRef = 4D4DED3F24664858008AD13C /* ChangePassword.swift */; };
		4D5EB061244B5C9C00B19EDC /* User.swift in Sources */ = {isa = PBXBuildFile; fileRef = 4D5EB060244B5C9C00B19EDC /* User.swift */; };
		4D6078D424724B09006E962A /* AlertForGroup.swift in Sources */ = {isa = PBXBuildFile; fileRef = 4D6078D324724B09006E962A /* AlertForGroup.swift */; };
		4D8361572475710100186334 /* Colors.swift in Sources */ = {isa = PBXBuildFile; fileRef = 4D8361562475710100186334 /* Colors.swift */; };
		4D9580C9246D375300B3CDE6 /* PersonalCard.swift in Sources */ = {isa = PBXBuildFile; fileRef = 4D9580C8246D375300B3CDE6 /* PersonalCard.swift */; };
		4D9580CF246D785700B3CDE6 /* CellPersonalDataGroup.swift in Sources */ = {isa = PBXBuildFile; fileRef = 4D9580CE246D785700B3CDE6 /* CellPersonalDataGroup.swift */; };
		4D9580D1246D8B3300B3CDE6 /* GroupPersonalCard.swift in Sources */ = {isa = PBXBuildFile; fileRef = 4D9580D0246D8B3300B3CDE6 /* GroupPersonalCard.swift */; };
		4D9E8AF6243DF77C001B262D /* AppDelegate.swift in Sources */ = {isa = PBXBuildFile; fileRef = 4D9E8AF5243DF77C001B262D /* AppDelegate.swift */; };
		4D9E8AF8243DF77C001B262D /* SceneDelegate.swift in Sources */ = {isa = PBXBuildFile; fileRef = 4D9E8AF7243DF77C001B262D /* SceneDelegate.swift */; };
		4D9E8AFA243DF77C001B262D /* ViewController.swift in Sources */ = {isa = PBXBuildFile; fileRef = 4D9E8AF9243DF77C001B262D /* ViewController.swift */; };
		4D9E8AFD243DF77C001B262D /* Main.storyboard in Resources */ = {isa = PBXBuildFile; fileRef = 4D9E8AFB243DF77C001B262D /* Main.storyboard */; };
		4D9E8AFF243DF780001B262D /* Assets.xcassets in Resources */ = {isa = PBXBuildFile; fileRef = 4D9E8AFE243DF780001B262D /* Assets.xcassets */; };
		4D9E8B02243DF780001B262D /* LaunchScreen.storyboard in Resources */ = {isa = PBXBuildFile; fileRef = 4D9E8B00243DF780001B262D /* LaunchScreen.storyboard */; };
		4D9E8B0D243DF780001B262D /* lc_studentTests.swift in Sources */ = {isa = PBXBuildFile; fileRef = 4D9E8B0C243DF780001B262D /* lc_studentTests.swift */; };
		4D9E8B18243DF780001B262D /* lc_studentUITests.swift in Sources */ = {isa = PBXBuildFile; fileRef = 4D9E8B17243DF780001B262D /* lc_studentUITests.swift */; };
		4DAFBE56244C8CB80040C3D0 /* SignIn.swift in Sources */ = {isa = PBXBuildFile; fileRef = 4DAFBE55244C8CB80040C3D0 /* SignIn.swift */; };
		4DDA8410246CEFDD005E0EB4 /* MainMenu.swift in Sources */ = {isa = PBXBuildFile; fileRef = 4DDA840F246CEFDD005E0EB4 /* MainMenu.swift */; };
		4DE41AC7247639F0002893BC /* TimeTableViewController.swift in Sources */ = {isa = PBXBuildFile; fileRef = 4DE41AC6247639F0002893BC /* TimeTableViewController.swift */; };
		4DE9560424651B3F00FD510E /* FirstWindow.swift in Sources */ = {isa = PBXBuildFile; fileRef = 4DE9560324651B3F00FD510E /* FirstWindow.swift */; };
		4DE956072465869900FD510E /* MainSettings.swift in Sources */ = {isa = PBXBuildFile; fileRef = 4DE956062465869900FD510E /* MainSettings.swift */; };
		4DFAC543245DB439007AD97C /* Registration.swift in Sources */ = {isa = PBXBuildFile; fileRef = 4DFAC542245DB439007AD97C /* Registration.swift */; };
		4DFAC549245E7EE4007AD97C /* RecoverThePassword.swift in Sources */ = {isa = PBXBuildFile; fileRef = 4DFAC548245E7EE4007AD97C /* RecoverThePassword.swift */; };
		4DFAC54B245EC2A3007AD97C /* MenuTable.swift in Sources */ = {isa = PBXBuildFile; fileRef = 4DFAC54A245EC2A3007AD97C /* MenuTable.swift */; };
/* End PBXBuildFile section */

/* Begin PBXContainerItemProxy section */
		4D9E8B09243DF780001B262D /* PBXContainerItemProxy */ = {
			isa = PBXContainerItemProxy;
			containerPortal = 4D9E8AEA243DF77C001B262D /* Project object */;
			proxyType = 1;
			remoteGlobalIDString = 4D9E8AF1243DF77C001B262D;
			remoteInfo = lc_student;
		};
		4D9E8B14243DF780001B262D /* PBXContainerItemProxy */ = {
			isa = PBXContainerItemProxy;
			containerPortal = 4D9E8AEA243DF77C001B262D /* Project object */;
			proxyType = 1;
			remoteGlobalIDString = 4D9E8AF1243DF77C001B262D;
			remoteInfo = lc_student;
		};
/* End PBXContainerItemProxy section */

/* Begin PBXFileReference section */
		26DD172E246599A500430358 /* Verification.swift */ = {isa = PBXFileReference; lastKnownFileType = sourcecode.swift; path = Verification.swift; sourceTree = "<group>"; };
		4D1B37E52455E2A6007E4DB6 /* ServiceRequest.swift */ = {isa = PBXFileReference; lastKnownFileType = sourcecode.swift; path = ServiceRequest.swift; sourceTree = "<group>"; };
		4D4DED3F24664858008AD13C /* ChangePassword.swift */ = {isa = PBXFileReference; lastKnownFileType = sourcecode.swift; path = ChangePassword.swift; sourceTree = "<group>"; };
		4D5EB060244B5C9C00B19EDC /* User.swift */ = {isa = PBXFileReference; lastKnownFileType = sourcecode.swift; path = User.swift; sourceTree = "<group>"; };
		4D6078D324724B09006E962A /* AlertForGroup.swift */ = {isa = PBXFileReference; lastKnownFileType = sourcecode.swift; path = AlertForGroup.swift; sourceTree = "<group>"; };
		4D8361562475710100186334 /* Colors.swift */ = {isa = PBXFileReference; lastKnownFileType = sourcecode.swift; path = Colors.swift; sourceTree = "<group>"; };
		4D9580C8246D375300B3CDE6 /* PersonalCard.swift */ = {isa = PBXFileReference; lastKnownFileType = sourcecode.swift; path = PersonalCard.swift; sourceTree = "<group>"; };
		4D9580CE246D785700B3CDE6 /* CellPersonalDataGroup.swift */ = {isa = PBXFileReference; lastKnownFileType = sourcecode.swift; path = CellPersonalDataGroup.swift; sourceTree = "<group>"; };
		4D9580D0246D8B3300B3CDE6 /* GroupPersonalCard.swift */ = {isa = PBXFileReference; lastKnownFileType = sourcecode.swift; path = GroupPersonalCard.swift; sourceTree = "<group>"; };
		4D9E8AF2243DF77C001B262D /* lc_student.app */ = {isa = PBXFileReference; explicitFileType = wrapper.application; includeInIndex = 0; path = lc_student.app; sourceTree = BUILT_PRODUCTS_DIR; };
		4D9E8AF5243DF77C001B262D /* AppDelegate.swift */ = {isa = PBXFileReference; lastKnownFileType = sourcecode.swift; path = AppDelegate.swift; sourceTree = "<group>"; };
		4D9E8AF7243DF77C001B262D /* SceneDelegate.swift */ = {isa = PBXFileReference; lastKnownFileType = sourcecode.swift; path = SceneDelegate.swift; sourceTree = "<group>"; };
		4D9E8AF9243DF77C001B262D /* ViewController.swift */ = {isa = PBXFileReference; lastKnownFileType = sourcecode.swift; path = ViewController.swift; sourceTree = "<group>"; };
		4D9E8AFC243DF77C001B262D /* Base */ = {isa = PBXFileReference; lastKnownFileType = file.storyboard; name = Base; path = Base.lproj/Main.storyboard; sourceTree = "<group>"; };
		4D9E8AFE243DF780001B262D /* Assets.xcassets */ = {isa = PBXFileReference; lastKnownFileType = folder.assetcatalog; path = Assets.xcassets; sourceTree = "<group>"; };
		4D9E8B01243DF780001B262D /* Base */ = {isa = PBXFileReference; lastKnownFileType = file.storyboard; name = Base; path = Base.lproj/LaunchScreen.storyboard; sourceTree = "<group>"; };
		4D9E8B03243DF780001B262D /* Info.plist */ = {isa = PBXFileReference; lastKnownFileType = text.plist.xml; path = Info.plist; sourceTree = "<group>"; };
		4D9E8B08243DF780001B262D /* lc_studentTests.xctest */ = {isa = PBXFileReference; explicitFileType = wrapper.cfbundle; includeInIndex = 0; path = lc_studentTests.xctest; sourceTree = BUILT_PRODUCTS_DIR; };
		4D9E8B0C243DF780001B262D /* lc_studentTests.swift */ = {isa = PBXFileReference; lastKnownFileType = sourcecode.swift; path = lc_studentTests.swift; sourceTree = "<group>"; };
		4D9E8B0E243DF780001B262D /* Info.plist */ = {isa = PBXFileReference; lastKnownFileType = text.plist.xml; path = Info.plist; sourceTree = "<group>"; };
		4D9E8B13243DF780001B262D /* lc_studentUITests.xctest */ = {isa = PBXFileReference; explicitFileType = wrapper.cfbundle; includeInIndex = 0; path = lc_studentUITests.xctest; sourceTree = BUILT_PRODUCTS_DIR; };
		4D9E8B17243DF780001B262D /* lc_studentUITests.swift */ = {isa = PBXFileReference; lastKnownFileType = sourcecode.swift; path = lc_studentUITests.swift; sourceTree = "<group>"; };
		4D9E8B19243DF780001B262D /* Info.plist */ = {isa = PBXFileReference; lastKnownFileType = text.plist.xml; path = Info.plist; sourceTree = "<group>"; };
		4DAFBE55244C8CB80040C3D0 /* SignIn.swift */ = {isa = PBXFileReference; lastKnownFileType = sourcecode.swift; path = SignIn.swift; sourceTree = "<group>"; };
		4DDA840F246CEFDD005E0EB4 /* MainMenu.swift */ = {isa = PBXFileReference; lastKnownFileType = sourcecode.swift; path = MainMenu.swift; sourceTree = "<group>"; };
		4DE41AC6247639F0002893BC /* TimeTableViewController.swift */ = {isa = PBXFileReference; lastKnownFileType = sourcecode.swift; path = TimeTableViewController.swift; sourceTree = "<group>"; };
		4DE9560324651B3F00FD510E /* FirstWindow.swift */ = {isa = PBXFileReference; lastKnownFileType = sourcecode.swift; path = FirstWindow.swift; sourceTree = "<group>"; };
		4DE956062465869900FD510E /* MainSettings.swift */ = {isa = PBXFileReference; lastKnownFileType = sourcecode.swift; path = MainSettings.swift; sourceTree = "<group>"; };
		4DFAC542245DB439007AD97C /* Registration.swift */ = {isa = PBXFileReference; lastKnownFileType = sourcecode.swift; path = Registration.swift; sourceTree = "<group>"; };
		4DFAC548245E7EE4007AD97C /* RecoverThePassword.swift */ = {isa = PBXFileReference; lastKnownFileType = sourcecode.swift; path = RecoverThePassword.swift; sourceTree = "<group>"; };
		4DFAC54A245EC2A3007AD97C /* MenuTable.swift */ = {isa = PBXFileReference; lastKnownFileType = sourcecode.swift; path = MenuTable.swift; sourceTree = "<group>"; };
/* End PBXFileReference section */

/* Begin PBXFrameworksBuildPhase section */
		4D9E8AEF243DF77C001B262D /* Frameworks */ = {
			isa = PBXFrameworksBuildPhase;
			buildActionMask = 2147483647;
			files = (
			);
			runOnlyForDeploymentPostprocessing = 0;
		};
		4D9E8B05243DF780001B262D /* Frameworks */ = {
			isa = PBXFrameworksBuildPhase;
			buildActionMask = 2147483647;
			files = (
			);
			runOnlyForDeploymentPostprocessing = 0;
		};
		4D9E8B10243DF780001B262D /* Frameworks */ = {
			isa = PBXFrameworksBuildPhase;
			buildActionMask = 2147483647;
			files = (
			);
			runOnlyForDeploymentPostprocessing = 0;
		};
/* End PBXFrameworksBuildPhase section */

/* Begin PBXGroup section */
		26DD172D2465994F00430358 /* Verification */ = {
			isa = PBXGroup;
			children = (
				26DD172E246599A500430358 /* Verification.swift */,
			);
			path = Verification;
			sourceTree = "<group>";
		};
		4D1B37E42455E22B007E4DB6 /* service */ = {
			isa = PBXGroup;
			children = (
				4D1B37E52455E2A6007E4DB6 /* ServiceRequest.swift */,
			);
			path = service;
			sourceTree = "<group>";
		};
		4D4DED3E24664826008AD13C /* ChangePassword */ = {
			isa = PBXGroup;
			children = (
				4D4DED3F24664858008AD13C /* ChangePassword.swift */,
			);
			path = ChangePassword;
			sourceTree = "<group>";
		};
		4D5EB05F244B5C6100B19EDC /* StatusUser */ = {
			isa = PBXGroup;
			children = (
				4D5EB060244B5C9C00B19EDC /* User.swift */,
			);
			path = StatusUser;
			sourceTree = "<group>";
		};
		4D5EB068244B66DC00B19EDC /* Menu */ = {
			isa = PBXGroup;
			children = (
				4DFAC54A245EC2A3007AD97C /* MenuTable.swift */,
				4DDA840F246CEFDD005E0EB4 /* MainMenu.swift */,
			);
			path = Menu;
			sourceTree = "<group>";
		};
		4D9580C7246D366200B3CDE6 /* PersonalData */ = {
			isa = PBXGroup;
			children = (
				4D9580C8246D375300B3CDE6 /* PersonalCard.swift */,
				4D9580CE246D785700B3CDE6 /* CellPersonalDataGroup.swift */,
				4D9580D0246D8B3300B3CDE6 /* GroupPersonalCard.swift */,
				4D6078D324724B09006E962A /* AlertForGroup.swift */,
			);
			path = PersonalData;
			sourceTree = "<group>";
		};
		4D9E8AE9243DF77C001B262D = {
			isa = PBXGroup;
			children = (
				4D9E8AF4243DF77C001B262D /* lc_student */,
				4D9E8B0B243DF780001B262D /* lc_studentTests */,
				4D9E8B16243DF780001B262D /* lc_studentUITests */,
				4D9E8AF3243DF77C001B262D /* Products */,
			);
			sourceTree = "<group>";
		};
		4D9E8AF3243DF77C001B262D /* Products */ = {
			isa = PBXGroup;
			children = (
				4D9E8AF2243DF77C001B262D /* lc_student.app */,
				4D9E8B08243DF780001B262D /* lc_studentTests.xctest */,
				4D9E8B13243DF780001B262D /* lc_studentUITests.xctest */,
			);
			name = Products;
			sourceTree = "<group>";
		};
		4D9E8AF4243DF77C001B262D /* lc_student */ = {
			isa = PBXGroup;
			children = (
				4DFAC546245E7E0A007AD97C /* modules */,
				4D1B37E42455E22B007E4DB6 /* service */,
				4D5EB05F244B5C6100B19EDC /* StatusUser */,
				4D9E8AF5243DF77C001B262D /* AppDelegate.swift */,
				4D9E8AF7243DF77C001B262D /* SceneDelegate.swift */,
				4D9E8AF9243DF77C001B262D /* ViewController.swift */,
				4D9E8AFB243DF77C001B262D /* Main.storyboard */,
				4D9E8AFE243DF780001B262D /* Assets.xcassets */,
				4D9E8B00243DF780001B262D /* LaunchScreen.storyboard */,
				4D9E8B03243DF780001B262D /* Info.plist */,
			);
			path = lc_student;
			sourceTree = "<group>";
		};
		4D9E8B0B243DF780001B262D /* lc_studentTests */ = {
			isa = PBXGroup;
			children = (
				4D9E8B0C243DF780001B262D /* lc_studentTests.swift */,
				4D9E8B0E243DF780001B262D /* Info.plist */,
			);
			path = lc_studentTests;
			sourceTree = "<group>";
		};
		4D9E8B16243DF780001B262D /* lc_studentUITests */ = {
			isa = PBXGroup;
			children = (
				4D9E8B17243DF780001B262D /* lc_studentUITests.swift */,
				4D9E8B19243DF780001B262D /* Info.plist */,
			);
			path = lc_studentUITests;
			sourceTree = "<group>";
		};
		4DAFBE54244C8C8B0040C3D0 /* signIn */ = {
			isa = PBXGroup;
			children = (
				4DAFBE55244C8CB80040C3D0 /* SignIn.swift */,
				4DE9560324651B3F00FD510E /* FirstWindow.swift */,
			);
			path = signIn;
			sourceTree = "<group>";
		};
		4DCB85972459338D001A7997 /* Registration */ = {
			isa = PBXGroup;
			children = (
				4DFAC542245DB439007AD97C /* Registration.swift */,
			);
			path = Registration;
			sourceTree = "<group>";
		};
		4DE41AC5247639C8002893BC /* TimeTable */ = {
			isa = PBXGroup;
			children = (
				4DE41AC6247639F0002893BC /* TimeTableViewController.swift */,
			);
			path = TimeTable;
			sourceTree = "<group>";
		};
		4DE956052465862900FD510E /* MainSettings */ = {
			isa = PBXGroup;
			children = (
				4DE956062465869900FD510E /* MainSettings.swift */,
			);
			path = MainSettings;
			sourceTree = "<group>";
		};
		4DFAC546245E7E0A007AD97C /* modules */ = {
			isa = PBXGroup;
			children = (
				4DE41AC5247639C8002893BC /* TimeTable */,
				4DCB85972459338D001A7997 /* Registration */,
				4D9580C7246D366200B3CDE6 /* PersonalData */,
				4D4DED3E24664826008AD13C /* ChangePassword */,
				26DD172D2465994F00430358 /* Verification */,
				4DE956052465862900FD510E /* MainSettings */,
				4DFAC547245E7E56007AD97C /* recoverThePassword */,
				4D5EB068244B66DC00B19EDC /* Menu */,
				4DAFBE54244C8C8B0040C3D0 /* signIn */,
				4D8361562475710100186334 /* Colors.swift */,
			);
			path = modules;
			sourceTree = "<group>";
		};
		4DFAC547245E7E56007AD97C /* recoverThePassword */ = {
			isa = PBXGroup;
			children = (
				4DFAC548245E7EE4007AD97C /* RecoverThePassword.swift */,
			);
			path = recoverThePassword;
			sourceTree = "<group>";
		};
/* End PBXGroup section */

/* Begin PBXNativeTarget section */
		4D9E8AF1243DF77C001B262D /* lc_student */ = {
			isa = PBXNativeTarget;
			buildConfigurationList = 4D9E8B1C243DF780001B262D /* Build configuration list for PBXNativeTarget "lc_student" */;
			buildPhases = (
				4D9E8AEE243DF77C001B262D /* Sources */,
				4D9E8AEF243DF77C001B262D /* Frameworks */,
				4D9E8AF0243DF77C001B262D /* Resources */,
			);
			buildRules = (
			);
			dependencies = (
			);
			name = lc_student;
			productName = lc_student;
			productReference = 4D9E8AF2243DF77C001B262D /* lc_student.app */;
			productType = "com.apple.product-type.application";
		};
		4D9E8B07243DF780001B262D /* lc_studentTests */ = {
			isa = PBXNativeTarget;
			buildConfigurationList = 4D9E8B1F243DF780001B262D /* Build configuration list for PBXNativeTarget "lc_studentTests" */;
			buildPhases = (
				4D9E8B04243DF780001B262D /* Sources */,
				4D9E8B05243DF780001B262D /* Frameworks */,
				4D9E8B06243DF780001B262D /* Resources */,
			);
			buildRules = (
			);
			dependencies = (
				4D9E8B0A243DF780001B262D /* PBXTargetDependency */,
			);
			name = lc_studentTests;
			productName = lc_studentTests;
			productReference = 4D9E8B08243DF780001B262D /* lc_studentTests.xctest */;
			productType = "com.apple.product-type.bundle.unit-test";
		};
		4D9E8B12243DF780001B262D /* lc_studentUITests */ = {
			isa = PBXNativeTarget;
			buildConfigurationList = 4D9E8B22243DF780001B262D /* Build configuration list for PBXNativeTarget "lc_studentUITests" */;
			buildPhases = (
				4D9E8B0F243DF780001B262D /* Sources */,
				4D9E8B10243DF780001B262D /* Frameworks */,
				4D9E8B11243DF780001B262D /* Resources */,
			);
			buildRules = (
			);
			dependencies = (
				4D9E8B15243DF780001B262D /* PBXTargetDependency */,
			);
			name = lc_studentUITests;
			productName = lc_studentUITests;
			productReference = 4D9E8B13243DF780001B262D /* lc_studentUITests.xctest */;
			productType = "com.apple.product-type.bundle.ui-testing";
		};
/* End PBXNativeTarget section */

/* Begin PBXProject section */
		4D9E8AEA243DF77C001B262D /* Project object */ = {
			isa = PBXProject;
			attributes = {
				LastSwiftUpdateCheck = 1110;
				LastUpgradeCheck = 1110;
				ORGANIZATIONNAME = "Дарья Закаулова";
				TargetAttributes = {
					4D9E8AF1243DF77C001B262D = {
						CreatedOnToolsVersion = 11.1;
					};
					4D9E8B07243DF780001B262D = {
						CreatedOnToolsVersion = 11.1;
						TestTargetID = 4D9E8AF1243DF77C001B262D;
					};
					4D9E8B12243DF780001B262D = {
						CreatedOnToolsVersion = 11.1;
						TestTargetID = 4D9E8AF1243DF77C001B262D;
					};
				};
			};
			buildConfigurationList = 4D9E8AED243DF77C001B262D /* Build configuration list for PBXProject "lc_student" */;
			compatibilityVersion = "Xcode 9.3";
			developmentRegion = en;
			hasScannedForEncodings = 0;
			knownRegions = (
				en,
				Base,
			);
			mainGroup = 4D9E8AE9243DF77C001B262D;
			productRefGroup = 4D9E8AF3243DF77C001B262D /* Products */;
			projectDirPath = "";
			projectRoot = "";
			targets = (
				4D9E8AF1243DF77C001B262D /* lc_student */,
				4D9E8B07243DF780001B262D /* lc_studentTests */,
				4D9E8B12243DF780001B262D /* lc_studentUITests */,
			);
		};
/* End PBXProject section */

/* Begin PBXResourcesBuildPhase section */
		4D9E8AF0243DF77C001B262D /* Resources */ = {
			isa = PBXResourcesBuildPhase;
			buildActionMask = 2147483647;
			files = (
				4D9E8B02243DF780001B262D /* LaunchScreen.storyboard in Resources */,
				4D9E8AFF243DF780001B262D /* Assets.xcassets in Resources */,
				4D9E8AFD243DF77C001B262D /* Main.storyboard in Resources */,
			);
			runOnlyForDeploymentPostprocessing = 0;
		};
		4D9E8B06243DF780001B262D /* Resources */ = {
			isa = PBXResourcesBuildPhase;
			buildActionMask = 2147483647;
			files = (
			);
			runOnlyForDeploymentPostprocessing = 0;
		};
		4D9E8B11243DF780001B262D /* Resources */ = {
			isa = PBXResourcesBuildPhase;
			buildActionMask = 2147483647;
			files = (
			);
			runOnlyForDeploymentPostprocessing = 0;
		};
/* End PBXResourcesBuildPhase section */

/* Begin PBXSourcesBuildPhase section */
		4D9E8AEE243DF77C001B262D /* Sources */ = {
			isa = PBXSourcesBuildPhase;
			buildActionMask = 2147483647;
			files = (
				4D6078D424724B09006E962A /* AlertForGroup.swift in Sources */,
				4D8361572475710100186334 /* Colors.swift in Sources */,
				26DD172F246599A500430358 /* Verification.swift in Sources */,
				4D9580CF246D785700B3CDE6 /* CellPersonalDataGroup.swift in Sources */,
				4D1B37E62455E2A6007E4DB6 /* ServiceRequest.swift in Sources */,
				4D5EB061244B5C9C00B19EDC /* User.swift in Sources */,
				4D9580D1246D8B3300B3CDE6 /* GroupPersonalCard.swift in Sources */,
				4D9580C9246D375300B3CDE6 /* PersonalCard.swift in Sources */,
				4D9E8AFA243DF77C001B262D /* ViewController.swift in Sources */,
				4DFAC549245E7EE4007AD97C /* RecoverThePassword.swift in Sources */,
				4D4DED4024664858008AD13C /* ChangePassword.swift in Sources */,
				4DAFBE56244C8CB80040C3D0 /* SignIn.swift in Sources */,
				4D9E8AF6243DF77C001B262D /* AppDelegate.swift in Sources */,
				4DE956072465869900FD510E /* MainSettings.swift in Sources */,
				4DE41AC7247639F0002893BC /* TimeTableViewController.swift in Sources */,
				4DDA8410246CEFDD005E0EB4 /* MainMenu.swift in Sources */,
				4DFAC543245DB439007AD97C /* Registration.swift in Sources */,
				4DE9560424651B3F00FD510E /* FirstWindow.swift in Sources */,
				4D9E8AF8243DF77C001B262D /* SceneDelegate.swift in Sources */,
				4DFAC54B245EC2A3007AD97C /* MenuTable.swift in Sources */,
			);
			runOnlyForDeploymentPostprocessing = 0;
		};
		4D9E8B04243DF780001B262D /* Sources */ = {
			isa = PBXSourcesBuildPhase;
			buildActionMask = 2147483647;
			files = (
				4D9E8B0D243DF780001B262D /* lc_studentTests.swift in Sources */,
			);
			runOnlyForDeploymentPostprocessing = 0;
		};
		4D9E8B0F243DF780001B262D /* Sources */ = {
			isa = PBXSourcesBuildPhase;
			buildActionMask = 2147483647;
			files = (
				4D9E8B18243DF780001B262D /* lc_studentUITests.swift in Sources */,
			);
			runOnlyForDeploymentPostprocessing = 0;
		};
/* End PBXSourcesBuildPhase section */

/* Begin PBXTargetDependency section */
		4D9E8B0A243DF780001B262D /* PBXTargetDependency */ = {
			isa = PBXTargetDependency;
			target = 4D9E8AF1243DF77C001B262D /* lc_student */;
			targetProxy = 4D9E8B09243DF780001B262D /* PBXContainerItemProxy */;
		};
		4D9E8B15243DF780001B262D /* PBXTargetDependency */ = {
			isa = PBXTargetDependency;
			target = 4D9E8AF1243DF77C001B262D /* lc_student */;
			targetProxy = 4D9E8B14243DF780001B262D /* PBXContainerItemProxy */;
		};
/* End PBXTargetDependency section */

/* Begin PBXVariantGroup section */
		4D9E8AFB243DF77C001B262D /* Main.storyboard */ = {
			isa = PBXVariantGroup;
			children = (
				4D9E8AFC243DF77C001B262D /* Base */,
			);
			name = Main.storyboard;
			sourceTree = "<group>";
		};
		4D9E8B00243DF780001B262D /* LaunchScreen.storyboard */ = {
			isa = PBXVariantGroup;
			children = (
				4D9E8B01243DF780001B262D /* Base */,
			);
			name = LaunchScreen.storyboard;
			sourceTree = "<group>";
		};
/* End PBXVariantGroup section */

/* Begin XCBuildConfiguration section */
		4D9E8B1A243DF780001B262D /* Debug */ = {
			isa = XCBuildConfiguration;
			buildSettings = {
				ALWAYS_SEARCH_USER_PATHS = NO;
				CLANG_ANALYZER_NONNULL = YES;
				CLANG_ANALYZER_NUMBER_OBJECT_CONVERSION = YES_AGGRESSIVE;
				CLANG_CXX_LANGUAGE_STANDARD = "gnu++14";
				CLANG_CXX_LIBRARY = "libc++";
				CLANG_ENABLE_MODULES = YES;
				CLANG_ENABLE_OBJC_ARC = YES;
				CLANG_ENABLE_OBJC_WEAK = YES;
				CLANG_WARN_BLOCK_CAPTURE_AUTORELEASING = YES;
				CLANG_WARN_BOOL_CONVERSION = YES;
				CLANG_WARN_COMMA = YES;
				CLANG_WARN_CONSTANT_CONVERSION = YES;
				CLANG_WARN_DEPRECATED_OBJC_IMPLEMENTATIONS = YES;
				CLANG_WARN_DIRECT_OBJC_ISA_USAGE = YES_ERROR;
				CLANG_WARN_DOCUMENTATION_COMMENTS = YES;
				CLANG_WARN_EMPTY_BODY = YES;
				CLANG_WARN_ENUM_CONVERSION = YES;
				CLANG_WARN_INFINITE_RECURSION = YES;
				CLANG_WARN_INT_CONVERSION = YES;
				CLANG_WARN_NON_LITERAL_NULL_CONVERSION = YES;
				CLANG_WARN_OBJC_IMPLICIT_RETAIN_SELF = YES;
				CLANG_WARN_OBJC_LITERAL_CONVERSION = YES;
				CLANG_WARN_OBJC_ROOT_CLASS = YES_ERROR;
				CLANG_WARN_RANGE_LOOP_ANALYSIS = YES;
				CLANG_WARN_STRICT_PROTOTYPES = YES;
				CLANG_WARN_SUSPICIOUS_MOVE = YES;
				CLANG_WARN_UNGUARDED_AVAILABILITY = YES_AGGRESSIVE;
				CLANG_WARN_UNREACHABLE_CODE = YES;
				CLANG_WARN__DUPLICATE_METHOD_MATCH = YES;
				COPY_PHASE_STRIP = NO;
				DEBUG_INFORMATION_FORMAT = dwarf;
				ENABLE_STRICT_OBJC_MSGSEND = YES;
				ENABLE_TESTABILITY = YES;
				GCC_C_LANGUAGE_STANDARD = gnu11;
				GCC_DYNAMIC_NO_PIC = NO;
				GCC_NO_COMMON_BLOCKS = YES;
				GCC_OPTIMIZATION_LEVEL = 0;
				GCC_PREPROCESSOR_DEFINITIONS = (
					"DEBUG=1",
					"$(inherited)",
				);
				GCC_WARN_64_TO_32_BIT_CONVERSION = YES;
				GCC_WARN_ABOUT_RETURN_TYPE = YES_ERROR;
				GCC_WARN_UNDECLARED_SELECTOR = YES;
				GCC_WARN_UNINITIALIZED_AUTOS = YES_AGGRESSIVE;
				GCC_WARN_UNUSED_FUNCTION = YES;
				GCC_WARN_UNUSED_VARIABLE = YES;
				IPHONEOS_DEPLOYMENT_TARGET = 13.1;
				MTL_ENABLE_DEBUG_INFO = INCLUDE_SOURCE;
				MTL_FAST_MATH = YES;
				ONLY_ACTIVE_ARCH = YES;
				SDKROOT = iphoneos;
				SWIFT_ACTIVE_COMPILATION_CONDITIONS = DEBUG;
				SWIFT_OPTIMIZATION_LEVEL = "-Onone";
			};
			name = Debug;
		};
		4D9E8B1B243DF780001B262D /* Release */ = {
			isa = XCBuildConfiguration;
			buildSettings = {
				ALWAYS_SEARCH_USER_PATHS = NO;
				CLANG_ANALYZER_NONNULL = YES;
				CLANG_ANALYZER_NUMBER_OBJECT_CONVERSION = YES_AGGRESSIVE;
				CLANG_CXX_LANGUAGE_STANDARD = "gnu++14";
				CLANG_CXX_LIBRARY = "libc++";
				CLANG_ENABLE_MODULES = YES;
				CLANG_ENABLE_OBJC_ARC = YES;
				CLANG_ENABLE_OBJC_WEAK = YES;
				CLANG_WARN_BLOCK_CAPTURE_AUTORELEASING = YES;
				CLANG_WARN_BOOL_CONVERSION = YES;
				CLANG_WARN_COMMA = YES;
				CLANG_WARN_CONSTANT_CONVERSION = YES;
				CLANG_WARN_DEPRECATED_OBJC_IMPLEMENTATIONS = YES;
				CLANG_WARN_DIRECT_OBJC_ISA_USAGE = YES_ERROR;
				CLANG_WARN_DOCUMENTATION_COMMENTS = YES;
				CLANG_WARN_EMPTY_BODY = YES;
				CLANG_WARN_ENUM_CONVERSION = YES;
				CLANG_WARN_INFINITE_RECURSION = YES;
				CLANG_WARN_INT_CONVERSION = YES;
				CLANG_WARN_NON_LITERAL_NULL_CONVERSION = YES;
				CLANG_WARN_OBJC_IMPLICIT_RETAIN_SELF = YES;
				CLANG_WARN_OBJC_LITERAL_CONVERSION = YES;
				CLANG_WARN_OBJC_ROOT_CLASS = YES_ERROR;
				CLANG_WARN_RANGE_LOOP_ANALYSIS = YES;
				CLANG_WARN_STRICT_PROTOTYPES = YES;
				CLANG_WARN_SUSPICIOUS_MOVE = YES;
				CLANG_WARN_UNGUARDED_AVAILABILITY = YES_AGGRESSIVE;
				CLANG_WARN_UNREACHABLE_CODE = YES;
				CLANG_WARN__DUPLICATE_METHOD_MATCH = YES;
				COPY_PHASE_STRIP = NO;
				DEBUG_INFORMATION_FORMAT = "dwarf-with-dsym";
				ENABLE_NS_ASSERTIONS = NO;
				ENABLE_STRICT_OBJC_MSGSEND = YES;
				GCC_C_LANGUAGE_STANDARD = gnu11;
				GCC_NO_COMMON_BLOCKS = YES;
				GCC_WARN_64_TO_32_BIT_CONVERSION = YES;
				GCC_WARN_ABOUT_RETURN_TYPE = YES_ERROR;
				GCC_WARN_UNDECLARED_SELECTOR = YES;
				GCC_WARN_UNINITIALIZED_AUTOS = YES_AGGRESSIVE;
				GCC_WARN_UNUSED_FUNCTION = YES;
				GCC_WARN_UNUSED_VARIABLE = YES;
				IPHONEOS_DEPLOYMENT_TARGET = 13.1;
				MTL_ENABLE_DEBUG_INFO = NO;
				MTL_FAST_MATH = YES;
				SDKROOT = iphoneos;
				SWIFT_COMPILATION_MODE = wholemodule;
				SWIFT_OPTIMIZATION_LEVEL = "-O";
				VALIDATE_PRODUCT = YES;
			};
			name = Release;
		};
		4D9E8B1D243DF780001B262D /* Debug */ = {
			isa = XCBuildConfiguration;
			buildSettings = {
				ASSETCATALOG_COMPILER_APPICON_NAME = AppIcon;
				CODE_SIGN_STYLE = Automatic;
				DEVELOPMENT_TEAM = PVSW2YMPFX;
				INFOPLIST_FILE = lc_student/Info.plist;
				LD_RUNPATH_SEARCH_PATHS = (
					"$(inherited)",
					"@executable_path/Frameworks",
				);
				PRODUCT_BUNDLE_IDENTIFIER = "lc.lc-student";
				PRODUCT_NAME = "$(TARGET_NAME)";
				SWIFT_VERSION = 5.0;
				TARGETED_DEVICE_FAMILY = "1,2";
			};
			name = Debug;
		};
		4D9E8B1E243DF780001B262D /* Release */ = {
			isa = XCBuildConfiguration;
			buildSettings = {
				ASSETCATALOG_COMPILER_APPICON_NAME = AppIcon;
				CODE_SIGN_STYLE = Automatic;
				DEVELOPMENT_TEAM = PVSW2YMPFX;
				INFOPLIST_FILE = lc_student/Info.plist;
				LD_RUNPATH_SEARCH_PATHS = (
					"$(inherited)",
					"@executable_path/Frameworks",
				);
				PRODUCT_BUNDLE_IDENTIFIER = "lc.lc-student";
				PRODUCT_NAME = "$(TARGET_NAME)";
				SWIFT_VERSION = 5.0;
				TARGETED_DEVICE_FAMILY = "1,2";
			};
			name = Release;
		};
		4D9E8B20243DF780001B262D /* Debug */ = {
			isa = XCBuildConfiguration;
			buildSettings = {
				ALWAYS_EMBED_SWIFT_STANDARD_LIBRARIES = YES;
				BUNDLE_LOADER = "$(TEST_HOST)";
				CODE_SIGN_STYLE = Automatic;
				DEVELOPMENT_TEAM = TDQYJ73T33;
				INFOPLIST_FILE = lc_studentTests/Info.plist;
				IPHONEOS_DEPLOYMENT_TARGET = 13.1;
				LD_RUNPATH_SEARCH_PATHS = (
					"$(inherited)",
					"@executable_path/Frameworks",
					"@loader_path/Frameworks",
				);
				PRODUCT_BUNDLE_IDENTIFIER = "lc.lc-studentTests";
				PRODUCT_NAME = "$(TARGET_NAME)";
				SWIFT_VERSION = 5.0;
				TARGETED_DEVICE_FAMILY = "1,2";
				TEST_HOST = "$(BUILT_PRODUCTS_DIR)/lc_student.app/lc_student";
			};
			name = Debug;
		};
		4D9E8B21243DF780001B262D /* Release */ = {
			isa = XCBuildConfiguration;
			buildSettings = {
				ALWAYS_EMBED_SWIFT_STANDARD_LIBRARIES = YES;
				BUNDLE_LOADER = "$(TEST_HOST)";
				CODE_SIGN_STYLE = Automatic;
				DEVELOPMENT_TEAM = TDQYJ73T33;
				INFOPLIST_FILE = lc_studentTests/Info.plist;
				IPHONEOS_DEPLOYMENT_TARGET = 13.1;
				LD_RUNPATH_SEARCH_PATHS = (
					"$(inherited)",
					"@executable_path/Frameworks",
					"@loader_path/Frameworks",
				);
				PRODUCT_BUNDLE_IDENTIFIER = "lc.lc-studentTests";
				PRODUCT_NAME = "$(TARGET_NAME)";
				SWIFT_VERSION = 5.0;
				TARGETED_DEVICE_FAMILY = "1,2";
				TEST_HOST = "$(BUILT_PRODUCTS_DIR)/lc_student.app/lc_student";
			};
			name = Release;
		};
		4D9E8B23243DF780001B262D /* Debug */ = {
			isa = XCBuildConfiguration;
			buildSettings = {
				ALWAYS_EMBED_SWIFT_STANDARD_LIBRARIES = YES;
				CODE_SIGN_STYLE = Automatic;
				DEVELOPMENT_TEAM = TDQYJ73T33;
				INFOPLIST_FILE = lc_studentUITests/Info.plist;
				LD_RUNPATH_SEARCH_PATHS = (
					"$(inherited)",
					"@executable_path/Frameworks",
					"@loader_path/Frameworks",
				);
				PRODUCT_BUNDLE_IDENTIFIER = "lc.lc-studentUITests";
				PRODUCT_NAME = "$(TARGET_NAME)";
				SWIFT_VERSION = 5.0;
				TARGETED_DEVICE_FAMILY = "1,2";
				TEST_TARGET_NAME = lc_student;
			};
			name = Debug;
		};
		4D9E8B24243DF780001B262D /* Release */ = {
			isa = XCBuildConfiguration;
			buildSettings = {
				ALWAYS_EMBED_SWIFT_STANDARD_LIBRARIES = YES;
				CODE_SIGN_STYLE = Automatic;
				DEVELOPMENT_TEAM = TDQYJ73T33;
				INFOPLIST_FILE = lc_studentUITests/Info.plist;
				LD_RUNPATH_SEARCH_PATHS = (
					"$(inherited)",
					"@executable_path/Frameworks",
					"@loader_path/Frameworks",
				);
				PRODUCT_BUNDLE_IDENTIFIER = "lc.lc-studentUITests";
				PRODUCT_NAME = "$(TARGET_NAME)";
				SWIFT_VERSION = 5.0;
				TARGETED_DEVICE_FAMILY = "1,2";
				TEST_TARGET_NAME = lc_student;
			};
			name = Release;
		};
/* End XCBuildConfiguration section */

/* Begin XCConfigurationList section */
		4D9E8AED243DF77C001B262D /* Build configuration list for PBXProject "lc_student" */ = {
			isa = XCConfigurationList;
			buildConfigurations = (
				4D9E8B1A243DF780001B262D /* Debug */,
				4D9E8B1B243DF780001B262D /* Release */,
			);
			defaultConfigurationIsVisible = 0;
			defaultConfigurationName = Release;
		};
		4D9E8B1C243DF780001B262D /* Build configuration list for PBXNativeTarget "lc_student" */ = {
			isa = XCConfigurationList;
			buildConfigurations = (
				4D9E8B1D243DF780001B262D /* Debug */,
				4D9E8B1E243DF780001B262D /* Release */,
			);
			defaultConfigurationIsVisible = 0;
			defaultConfigurationName = Release;
		};
		4D9E8B1F243DF780001B262D /* Build configuration list for PBXNativeTarget "lc_studentTests" */ = {
			isa = XCConfigurationList;
			buildConfigurations = (
				4D9E8B20243DF780001B262D /* Debug */,
				4D9E8B21243DF780001B262D /* Release */,
			);
			defaultConfigurationIsVisible = 0;
			defaultConfigurationName = Release;
		};
		4D9E8B22243DF780001B262D /* Build configuration list for PBXNativeTarget "lc_studentUITests" */ = {
			isa = XCConfigurationList;
			buildConfigurations = (
				4D9E8B23243DF780001B262D /* Debug */,
				4D9E8B24243DF780001B262D /* Release */,
			);
			defaultConfigurationIsVisible = 0;
			defaultConfigurationName = Release;
		};
/* End XCConfigurationList section */
	};
	rootObject = 4D9E8AEA243DF77C001B262D /* Project object */;
}
